
Microsoft Visual Studio Solution File, Format Version 12.00
# Visual Studio Version 16
VisualStudioVersion = 16.0.29920.165
MinimumVisualStudioVersion = 10.0.40219.1
Project("{9A19103F-16F7-4668-BE54-9A1E7A4F7556}") = "Shared", "..\Shared\Shared.csproj", "{5A872864-634B-4A73-ACC0-DD4FE8670C1D}"
EndProject
Project("{9A19103F-16F7-4668-BE54-9A1E7A4F7556}") = "ORToolsDemo", "..\Applications\ORToolsDemo\ORToolsDemo.csproj", "{61ADE840-B107-48D8-A4CB-FBD74B61F549}"
	ProjectSection(ProjectDependencies) = postProject
		{5A872864-634B-4A73-ACC0-DD4FE8670C1D} = {5A872864-634B-4A73-ACC0-DD4FE8670C1D}
		{5BA8C96D-EEED-4F89-8CE9-A5BE7D2D73D1} = {5BA8C96D-EEED-4F89-8CE9-A5BE7D2D73D1}
	EndProjectSection
EndProject
Project("{9A19103F-16F7-4668-BE54-9A1E7A4F7556}") = "CameraCapture", "..\Applications\CameraCapture\CameraCapture.csproj", "{4F0F331A-4755-4BB2-9D27-A6694D4D904E}"
	ProjectSection(ProjectDependencies) = postProject
		{3BA3B95B-8000-450E-BAB6-2C0C5A04F978} = {3BA3B95B-8000-450E-BAB6-2C0C5A04F978}
		{5A872864-634B-4A73-ACC0-DD4FE8670C1D} = {5A872864-634B-4A73-ACC0-DD4FE8670C1D}
		{5BA8C96D-EEED-4F89-8CE9-A5BE7D2D73D1} = {5BA8C96D-EEED-4F89-8CE9-A5BE7D2D73D1}
	EndProjectSection
EndProject
Project("{9A19103F-16F7-4668-BE54-9A1E7A4F7556}") = "MazeSolver", "..\Applications\MazeSolver\MazeSolver.csproj", "{92F86091-E480-4A84-866A-FCEBBD81B9A4}"
	ProjectSection(ProjectDependencies) = postProject
		{5A872864-634B-4A73-ACC0-DD4FE8670C1D} = {5A872864-634B-4A73-ACC0-DD4FE8670C1D}
		{5BA8C96D-EEED-4F89-8CE9-A5BE7D2D73D1} = {5BA8C96D-EEED-4F89-8CE9-A5BE7D2D73D1}
	EndProjectSection
EndProject
Project("{9A19103F-16F7-4668-BE54-9A1E7A4F7556}") = "DigitRecognition", "..\Applications\DigitRecognition\DigitRecognition.csproj", "{3BA3B95B-8000-450E-BAB6-2C0C5A04F978}"
	ProjectSection(ProjectDependencies) = postProject
		{5A872864-634B-4A73-ACC0-DD4FE8670C1D} = {5A872864-634B-4A73-ACC0-DD4FE8670C1D}
		{5BA8C96D-EEED-4F89-8CE9-A5BE7D2D73D1} = {5BA8C96D-EEED-4F89-8CE9-A5BE7D2D73D1}
	EndProjectSection
EndProject
Project("{9A19103F-16F7-4668-BE54-9A1E7A4F7556}") = "SelfDriving", "..\Applications\SelfDriving\SelfDriving.csproj", "{9427DCBF-5895-41DF-ACC1-BA0D850323D2}"
	ProjectSection(ProjectDependencies) = postProject
		{5A872864-634B-4A73-ACC0-DD4FE8670C1D} = {5A872864-634B-4A73-ACC0-DD4FE8670C1D}
		{5BA8C96D-EEED-4F89-8CE9-A5BE7D2D73D1} = {5BA8C96D-EEED-4F89-8CE9-A5BE7D2D73D1}
	EndProjectSection
EndProject
Project("{9A19103F-16F7-4668-BE54-9A1E7A4F7556}") = "Dashboard", "..\Dashboard\Dashboard.csproj", "{5BA8C96D-EEED-4F89-8CE9-A5BE7D2D73D1}"
EndProject
Project("{9A19103F-16F7-4668-BE54-9A1E7A4F7556}") = "Dashboard.Tests", "..\Dashboard.Tests\Dashboard.Tests.csproj", "{89E2A361-1689-4038-9BBC-D2C945047F4F}"
EndProject
Global
	GlobalSection(SolutionConfigurationPlatforms) = preSolution
		Debug|Any CPU = Debug|Any CPU
		Release|Any CPU = Release|Any CPU
	EndGlobalSection
	GlobalSection(ProjectConfigurationPlatforms) = postSolution
		{5A872864-634B-4A73-ACC0-DD4FE8670C1D}.Debug|Any CPU.ActiveCfg = Debug|Any CPU
		{5A872864-634B-4A73-ACC0-DD4FE8670C1D}.Debug|Any CPU.Build.0 = Debug|Any CPU
		{5A872864-634B-4A73-ACC0-DD4FE8670C1D}.Release|Any CPU.ActiveCfg = Release|Any CPU
		{5A872864-634B-4A73-ACC0-DD4FE8670C1D}.Release|Any CPU.Build.0 = Release|Any CPU
		{61ADE840-B107-48D8-A4CB-FBD74B61F549}.Debug|Any CPU.ActiveCfg = Debug|Any CPU
		{61ADE840-B107-48D8-A4CB-FBD74B61F549}.Debug|Any CPU.Build.0 = Debug|Any CPU
		{61ADE840-B107-48D8-A4CB-FBD74B61F549}.Release|Any CPU.ActiveCfg = Release|Any CPU
		{61ADE840-B107-48D8-A4CB-FBD74B61F549}.Release|Any CPU.Build.0 = Release|Any CPU
		{4F0F331A-4755-4BB2-9D27-A6694D4D904E}.Debug|Any CPU.ActiveCfg = Debug|Any CPU
		{4F0F331A-4755-4BB2-9D27-A6694D4D904E}.Debug|Any CPU.Build.0 = Debug|Any CPU
		{4F0F331A-4755-4BB2-9D27-A6694D4D904E}.Release|Any CPU.ActiveCfg = Release|Any CPU
		{4F0F331A-4755-4BB2-9D27-A6694D4D904E}.Release|Any CPU.Build.0 = Release|Any CPU
		{92F86091-E480-4A84-866A-FCEBBD81B9A4}.Debug|Any CPU.ActiveCfg = Debug|Any CPU
		{92F86091-E480-4A84-866A-FCEBBD81B9A4}.Debug|Any CPU.Build.0 = Debug|Any CPU
		{92F86091-E480-4A84-866A-FCEBBD81B9A4}.Release|Any CPU.ActiveCfg = Release|Any CPU
		{92F86091-E480-4A84-866A-FCEBBD81B9A4}.Release|Any CPU.Build.0 = Release|Any CPU
		{3BA3B95B-8000-450E-BAB6-2C0C5A04F978}.Debug|Any CPU.ActiveCfg = Debug|Any CPU
		{3BA3B95B-8000-450E-BAB6-2C0C5A04F978}.Debug|Any CPU.Build.0 = Debug|Any CPU
		{3BA3B95B-8000-450E-BAB6-2C0C5A04F978}.Release|Any CPU.ActiveCfg = Release|Any CPU
		{3BA3B95B-8000-450E-BAB6-2C0C5A04F978}.Release|Any CPU.Build.0 = Release|Any CPU
		{9427DCBF-5895-41DF-ACC1-BA0D850323D2}.Debug|Any CPU.ActiveCfg = Debug|Any CPU
		{9427DCBF-5895-41DF-ACC1-BA0D850323D2}.Debug|Any CPU.Build.0 = Debug|Any CPU
		{9427DCBF-5895-41DF-ACC1-BA0D850323D2}.Release|Any CPU.ActiveCfg = Release|Any CPU
		{9427DCBF-5895-41DF-ACC1-BA0D850323D2}.Release|Any CPU.Build.0 = Release|Any CPU
		{5BA8C96D-EEED-4F89-8CE9-A5BE7D2D73D1}.Debug|Any CPU.ActiveCfg = Debug|Any CPU
		{5BA8C96D-EEED-4F89-8CE9-A5BE7D2D73D1}.Debug|Any CPU.Build.0 = Debug|Any CPU
		{5BA8C96D-EEED-4F89-8CE9-A5BE7D2D73D1}.Release|Any CPU.ActiveCfg = Release|Any CPU
		{5BA8C96D-EEED-4F89-8CE9-A5BE7D2D73D1}.Release|Any CPU.Build.0 = Release|Any CPU
		{89E2A361-1689-4038-9BBC-D2C945047F4F}.Debug|Any CPU.ActiveCfg = Debug|Any CPU
		{89E2A361-1689-4038-9BBC-D2C945047F4F}.Debug|Any CPU.Build.0 = Debug|Any CPU
		{89E2A361-1689-4038-9BBC-D2C945047F4F}.Release|Any CPU.ActiveCfg = Release|Any CPU
		{89E2A361-1689-4038-9BBC-D2C945047F4F}.Release|Any CPU.Build.0 = Release|Any CPU
	EndGlobalSection
	GlobalSection(SolutionProperties) = preSolution
		HideSolutionNode = FALSE
	EndGlobalSection
	GlobalSection(ExtensibilityGlobals) = postSolution
		SolutionGuid = {AFDB9C49-F526-4F23-955B-539CF98B235F}
	EndGlobalSection
EndGlobal
