
Microsoft Visual Studio Solution File, Format Version 12.00
# Visual Studio Version 16
VisualStudioVersion = 16.0.29920.165
MinimumVisualStudioVersion = 10.0.40219.1
Project("{9A19103F-16F7-4668-BE54-9A1E7A4F7556}") = "SandboxApplication", "..\Applications\SandboxApplication\SandboxApplication.csproj", "{1E031CFD-D166-41F1-A68C-060B106FAC07}"
	ProjectSection(ProjectDependencies) = postProject
		{5A872864-634B-4A73-ACC0-DD4FE8670C1D} = {5A872864-634B-4A73-ACC0-DD4FE8670C1D}
		{9427DCBF-5895-41DF-ACC1-BA0D850323D2} = {9427DCBF-5895-41DF-ACC1-BA0D850323D2}
		{C57A1EE4-AF92-46F0-8404-0B16244064A8} = {C57A1EE4-AF92-46F0-8404-0B16244064A8}
	EndProjectSection
EndProject
Project("{9A19103F-16F7-4668-BE54-9A1E7A4F7556}") = "Dashboard", "..\Sandbox\Dashboard.csproj", "{C57A1EE4-AF92-46F0-8404-0B16244064A8}"
	ProjectSection(ProjectDependencies) = postProject
		{5A872864-634B-4A73-ACC0-DD4FE8670C1D} = {5A872864-634B-4A73-ACC0-DD4FE8670C1D}
	EndProjectSection
EndProject
Project("{9A19103F-16F7-4668-BE54-9A1E7A4F7556}") = "Shared", "..\Shared\Shared.csproj", "{5A872864-634B-4A73-ACC0-DD4FE8670C1D}"
EndProject
Project("{9A19103F-16F7-4668-BE54-9A1E7A4F7556}") = "EasingDemo", "..\Applications\EasingDemo\EasingDemo.csproj", "{E5B438A0-6DB8-4756-9C13-9488E9ED0261}"
	ProjectSection(ProjectDependencies) = postProject
		{61ADE840-B107-48D8-A4CB-FBD74B61F549} = {61ADE840-B107-48D8-A4CB-FBD74B61F549}
		{5A872864-634B-4A73-ACC0-DD4FE8670C1D} = {5A872864-634B-4A73-ACC0-DD4FE8670C1D}
		{92F86091-E480-4A84-866A-FCEBBD81B9A4} = {92F86091-E480-4A84-866A-FCEBBD81B9A4}
		{FF96D09F-9C1B-4371-A26F-937927A7E8E5} = {FF96D09F-9C1B-4371-A26F-937927A7E8E5}
		{9427DCBF-5895-41DF-ACC1-BA0D850323D2} = {9427DCBF-5895-41DF-ACC1-BA0D850323D2}
		{C57A1EE4-AF92-46F0-8404-0B16244064A8} = {C57A1EE4-AF92-46F0-8404-0B16244064A8}
		{1E031CFD-D166-41F1-A68C-060B106FAC07} = {1E031CFD-D166-41F1-A68C-060B106FAC07}
	EndProjectSection
EndProject
Project("{9A19103F-16F7-4668-BE54-9A1E7A4F7556}") = "OrbitalMechanics", "..\Applications\OrbitalMechanics\OrbitalMechanics.csproj", "{FF96D09F-9C1B-4371-A26F-937927A7E8E5}"
	ProjectSection(ProjectDependencies) = postProject
		{61ADE840-B107-48D8-A4CB-FBD74B61F549} = {61ADE840-B107-48D8-A4CB-FBD74B61F549}
		{5A872864-634B-4A73-ACC0-DD4FE8670C1D} = {5A872864-634B-4A73-ACC0-DD4FE8670C1D}
		{9427DCBF-5895-41DF-ACC1-BA0D850323D2} = {9427DCBF-5895-41DF-ACC1-BA0D850323D2}
		{C57A1EE4-AF92-46F0-8404-0B16244064A8} = {C57A1EE4-AF92-46F0-8404-0B16244064A8}
		{1E031CFD-D166-41F1-A68C-060B106FAC07} = {1E031CFD-D166-41F1-A68C-060B106FAC07}
	EndProjectSection
EndProject
Project("{9A19103F-16F7-4668-BE54-9A1E7A4F7556}") = "RockSlinger", "..\Applications\RockSlinger\RockSlinger.csproj", "{C5C0768D-8582-45A7-8BE4-0F137279BAC2}"
	ProjectSection(ProjectDependencies) = postProject
		{4F0F331A-4755-4BB2-9D27-A6694D4D904E} = {4F0F331A-4755-4BB2-9D27-A6694D4D904E}
		{61ADE840-B107-48D8-A4CB-FBD74B61F549} = {61ADE840-B107-48D8-A4CB-FBD74B61F549}
		{3BA3B95B-8000-450E-BAB6-2C0C5A04F978} = {3BA3B95B-8000-450E-BAB6-2C0C5A04F978}
		{5A872864-634B-4A73-ACC0-DD4FE8670C1D} = {5A872864-634B-4A73-ACC0-DD4FE8670C1D}
		{92F86091-E480-4A84-866A-FCEBBD81B9A4} = {92F86091-E480-4A84-866A-FCEBBD81B9A4}
		{FF96D09F-9C1B-4371-A26F-937927A7E8E5} = {FF96D09F-9C1B-4371-A26F-937927A7E8E5}
		{E5B438A0-6DB8-4756-9C13-9488E9ED0261} = {E5B438A0-6DB8-4756-9C13-9488E9ED0261}
		{9427DCBF-5895-41DF-ACC1-BA0D850323D2} = {9427DCBF-5895-41DF-ACC1-BA0D850323D2}
		{C57A1EE4-AF92-46F0-8404-0B16244064A8} = {C57A1EE4-AF92-46F0-8404-0B16244064A8}
		{1E031CFD-D166-41F1-A68C-060B106FAC07} = {1E031CFD-D166-41F1-A68C-060B106FAC07}
	EndProjectSection
EndProject
Project("{9A19103F-16F7-4668-BE54-9A1E7A4F7556}") = "ORToolsDemo", "..\Applications\ORToolsDemo\ORToolsDemo.csproj", "{61ADE840-B107-48D8-A4CB-FBD74B61F549}"
	ProjectSection(ProjectDependencies) = postProject
		{5A872864-634B-4A73-ACC0-DD4FE8670C1D} = {5A872864-634B-4A73-ACC0-DD4FE8670C1D}
		{9427DCBF-5895-41DF-ACC1-BA0D850323D2} = {9427DCBF-5895-41DF-ACC1-BA0D850323D2}
		{C57A1EE4-AF92-46F0-8404-0B16244064A8} = {C57A1EE4-AF92-46F0-8404-0B16244064A8}
		{1E031CFD-D166-41F1-A68C-060B106FAC07} = {1E031CFD-D166-41F1-A68C-060B106FAC07}
	EndProjectSection
EndProject
Project("{9A19103F-16F7-4668-BE54-9A1E7A4F7556}") = "CameraCapture", "..\Applications\CameraCapture\CameraCapture.csproj", "{4F0F331A-4755-4BB2-9D27-A6694D4D904E}"
	ProjectSection(ProjectDependencies) = postProject
		{61ADE840-B107-48D8-A4CB-FBD74B61F549} = {61ADE840-B107-48D8-A4CB-FBD74B61F549}
		{3BA3B95B-8000-450E-BAB6-2C0C5A04F978} = {3BA3B95B-8000-450E-BAB6-2C0C5A04F978}
		{5A872864-634B-4A73-ACC0-DD4FE8670C1D} = {5A872864-634B-4A73-ACC0-DD4FE8670C1D}
		{92F86091-E480-4A84-866A-FCEBBD81B9A4} = {92F86091-E480-4A84-866A-FCEBBD81B9A4}
		{FF96D09F-9C1B-4371-A26F-937927A7E8E5} = {FF96D09F-9C1B-4371-A26F-937927A7E8E5}
		{E5B438A0-6DB8-4756-9C13-9488E9ED0261} = {E5B438A0-6DB8-4756-9C13-9488E9ED0261}
		{9427DCBF-5895-41DF-ACC1-BA0D850323D2} = {9427DCBF-5895-41DF-ACC1-BA0D850323D2}
		{C57A1EE4-AF92-46F0-8404-0B16244064A8} = {C57A1EE4-AF92-46F0-8404-0B16244064A8}
		{1E031CFD-D166-41F1-A68C-060B106FAC07} = {1E031CFD-D166-41F1-A68C-060B106FAC07}
	EndProjectSection
EndProject
Project("{9A19103F-16F7-4668-BE54-9A1E7A4F7556}") = "MazeSolver", "..\Applications\MazeSolver\MazeSolver.csproj", "{92F86091-E480-4A84-866A-FCEBBD81B9A4}"
	ProjectSection(ProjectDependencies) = postProject
		{61ADE840-B107-48D8-A4CB-FBD74B61F549} = {61ADE840-B107-48D8-A4CB-FBD74B61F549}
		{5A872864-634B-4A73-ACC0-DD4FE8670C1D} = {5A872864-634B-4A73-ACC0-DD4FE8670C1D}
		{FF96D09F-9C1B-4371-A26F-937927A7E8E5} = {FF96D09F-9C1B-4371-A26F-937927A7E8E5}
		{9427DCBF-5895-41DF-ACC1-BA0D850323D2} = {9427DCBF-5895-41DF-ACC1-BA0D850323D2}
		{C57A1EE4-AF92-46F0-8404-0B16244064A8} = {C57A1EE4-AF92-46F0-8404-0B16244064A8}
		{1E031CFD-D166-41F1-A68C-060B106FAC07} = {1E031CFD-D166-41F1-A68C-060B106FAC07}
	EndProjectSection
EndProject
Project("{9A19103F-16F7-4668-BE54-9A1E7A4F7556}") = "DigitRecognition", "..\Applications\DigitRecognition\DigitRecognition.csproj", "{3BA3B95B-8000-450E-BAB6-2C0C5A04F978}"
	ProjectSection(ProjectDependencies) = postProject
		{61ADE840-B107-48D8-A4CB-FBD74B61F549} = {61ADE840-B107-48D8-A4CB-FBD74B61F549}
		{5A872864-634B-4A73-ACC0-DD4FE8670C1D} = {5A872864-634B-4A73-ACC0-DD4FE8670C1D}
		{92F86091-E480-4A84-866A-FCEBBD81B9A4} = {92F86091-E480-4A84-866A-FCEBBD81B9A4}
		{FF96D09F-9C1B-4371-A26F-937927A7E8E5} = {FF96D09F-9C1B-4371-A26F-937927A7E8E5}
		{E5B438A0-6DB8-4756-9C13-9488E9ED0261} = {E5B438A0-6DB8-4756-9C13-9488E9ED0261}
		{9427DCBF-5895-41DF-ACC1-BA0D850323D2} = {9427DCBF-5895-41DF-ACC1-BA0D850323D2}
		{C57A1EE4-AF92-46F0-8404-0B16244064A8} = {C57A1EE4-AF92-46F0-8404-0B16244064A8}
		{1E031CFD-D166-41F1-A68C-060B106FAC07} = {1E031CFD-D166-41F1-A68C-060B106FAC07}
	EndProjectSection
EndProject
Project("{9A19103F-16F7-4668-BE54-9A1E7A4F7556}") = "SelfDriving", "..\Applications\SelfDriving\SelfDriving.csproj", "{9427DCBF-5895-41DF-ACC1-BA0D850323D2}"
	ProjectSection(ProjectDependencies) = postProject
		{5A872864-634B-4A73-ACC0-DD4FE8670C1D} = {5A872864-634B-4A73-ACC0-DD4FE8670C1D}
		{C57A1EE4-AF92-46F0-8404-0B16244064A8} = {C57A1EE4-AF92-46F0-8404-0B16244064A8}
	EndProjectSection
EndProject
Global
	GlobalSection(SolutionConfigurationPlatforms) = preSolution
		Debug|Any CPU = Debug|Any CPU
		Release|Any CPU = Release|Any CPU
	EndGlobalSection
	GlobalSection(ProjectConfigurationPlatforms) = postSolution
		{1E031CFD-D166-41F1-A68C-060B106FAC07}.Debug|Any CPU.ActiveCfg = Debug|Any CPU
		{1E031CFD-D166-41F1-A68C-060B106FAC07}.Debug|Any CPU.Build.0 = Debug|Any CPU
		{1E031CFD-D166-41F1-A68C-060B106FAC07}.Release|Any CPU.ActiveCfg = Release|Any CPU
		{1E031CFD-D166-41F1-A68C-060B106FAC07}.Release|Any CPU.Build.0 = Release|Any CPU
		{C57A1EE4-AF92-46F0-8404-0B16244064A8}.Debug|Any CPU.ActiveCfg = Debug|Any CPU
		{C57A1EE4-AF92-46F0-8404-0B16244064A8}.Debug|Any CPU.Build.0 = Debug|Any CPU
		{C57A1EE4-AF92-46F0-8404-0B16244064A8}.Release|Any CPU.ActiveCfg = Release|Any CPU
		{C57A1EE4-AF92-46F0-8404-0B16244064A8}.Release|Any CPU.Build.0 = Release|Any CPU
		{5A872864-634B-4A73-ACC0-DD4FE8670C1D}.Debug|Any CPU.ActiveCfg = Debug|Any CPU
		{5A872864-634B-4A73-ACC0-DD4FE8670C1D}.Debug|Any CPU.Build.0 = Debug|Any CPU
		{5A872864-634B-4A73-ACC0-DD4FE8670C1D}.Release|Any CPU.ActiveCfg = Release|Any CPU
		{5A872864-634B-4A73-ACC0-DD4FE8670C1D}.Release|Any CPU.Build.0 = Release|Any CPU
		{E5B438A0-6DB8-4756-9C13-9488E9ED0261}.Debug|Any CPU.ActiveCfg = Debug|Any CPU
		{E5B438A0-6DB8-4756-9C13-9488E9ED0261}.Debug|Any CPU.Build.0 = Debug|Any CPU
		{E5B438A0-6DB8-4756-9C13-9488E9ED0261}.Release|Any CPU.ActiveCfg = Release|Any CPU
		{E5B438A0-6DB8-4756-9C13-9488E9ED0261}.Release|Any CPU.Build.0 = Release|Any CPU
		{FF96D09F-9C1B-4371-A26F-937927A7E8E5}.Debug|Any CPU.ActiveCfg = Debug|Any CPU
		{FF96D09F-9C1B-4371-A26F-937927A7E8E5}.Debug|Any CPU.Build.0 = Debug|Any CPU
		{FF96D09F-9C1B-4371-A26F-937927A7E8E5}.Release|Any CPU.ActiveCfg = Release|Any CPU
		{FF96D09F-9C1B-4371-A26F-937927A7E8E5}.Release|Any CPU.Build.0 = Release|Any CPU
		{C5C0768D-8582-45A7-8BE4-0F137279BAC2}.Debug|Any CPU.ActiveCfg = Debug|Any CPU
		{C5C0768D-8582-45A7-8BE4-0F137279BAC2}.Debug|Any CPU.Build.0 = Debug|Any CPU
		{C5C0768D-8582-45A7-8BE4-0F137279BAC2}.Release|Any CPU.ActiveCfg = Release|Any CPU
		{C5C0768D-8582-45A7-8BE4-0F137279BAC2}.Release|Any CPU.Build.0 = Release|Any CPU
		{61ADE840-B107-48D8-A4CB-FBD74B61F549}.Debug|Any CPU.ActiveCfg = Debug|Any CPU
		{61ADE840-B107-48D8-A4CB-FBD74B61F549}.Debug|Any CPU.Build.0 = Debug|Any CPU
		{61ADE840-B107-48D8-A4CB-FBD74B61F549}.Release|Any CPU.ActiveCfg = Release|Any CPU
		{61ADE840-B107-48D8-A4CB-FBD74B61F549}.Release|Any CPU.Build.0 = Release|Any CPU
		{4F0F331A-4755-4BB2-9D27-A6694D4D904E}.Debug|Any CPU.ActiveCfg = Debug|Any CPU
		{4F0F331A-4755-4BB2-9D27-A6694D4D904E}.Debug|Any CPU.Build.0 = Debug|Any CPU
		{4F0F331A-4755-4BB2-9D27-A6694D4D904E}.Release|Any CPU.ActiveCfg = Release|Any CPU
		{4F0F331A-4755-4BB2-9D27-A6694D4D904E}.Release|Any CPU.Build.0 = Release|Any CPU
		{92F86091-E480-4A84-866A-FCEBBD81B9A4}.Debug|Any CPU.ActiveCfg = Debug|Any CPU
		{92F86091-E480-4A84-866A-FCEBBD81B9A4}.Debug|Any CPU.Build.0 = Debug|Any CPU
		{92F86091-E480-4A84-866A-FCEBBD81B9A4}.Release|Any CPU.ActiveCfg = Release|Any CPU
		{92F86091-E480-4A84-866A-FCEBBD81B9A4}.Release|Any CPU.Build.0 = Release|Any CPU
		{3BA3B95B-8000-450E-BAB6-2C0C5A04F978}.Debug|Any CPU.ActiveCfg = Debug|Any CPU
		{3BA3B95B-8000-450E-BAB6-2C0C5A04F978}.Debug|Any CPU.Build.0 = Debug|Any CPU
		{3BA3B95B-8000-450E-BAB6-2C0C5A04F978}.Release|Any CPU.ActiveCfg = Release|Any CPU
		{3BA3B95B-8000-450E-BAB6-2C0C5A04F978}.Release|Any CPU.Build.0 = Release|Any CPU
		{9427DCBF-5895-41DF-ACC1-BA0D850323D2}.Debug|Any CPU.ActiveCfg = Debug|Any CPU
		{9427DCBF-5895-41DF-ACC1-BA0D850323D2}.Debug|Any CPU.Build.0 = Debug|Any CPU
		{9427DCBF-5895-41DF-ACC1-BA0D850323D2}.Release|Any CPU.ActiveCfg = Release|Any CPU
		{9427DCBF-5895-41DF-ACC1-BA0D850323D2}.Release|Any CPU.Build.0 = Release|Any CPU
	EndGlobalSection
	GlobalSection(SolutionProperties) = preSolution
		HideSolutionNode = FALSE
	EndGlobalSection
	GlobalSection(ExtensibilityGlobals) = postSolution
		SolutionGuid = {AFDB9C49-F526-4F23-955B-539CF98B235F}
	EndGlobalSection
EndGlobal
